
Microsoft Visual Studio Solution File, Format Version 12.00
# Visual Studio Version 17
VisualStudioVersion = 17.14.36518.9 d17.14
MinimumVisualStudioVersion = 10.0.40219.1
Project("{FAE04EC0-301F-11D3-BF4B-00C04F79EFBC}") = "DemoValidationRouting", "DemoValidationRouting\DemoValidationRouting.csproj", "{09370CC4-9C35-48D4-9A43-B78003C916A2}"
EndProject
Global
	GlobalSection(SolutionConfigurationPlatforms) = preSolution
		Debug|Any CPU = Debug|Any CPU
		Release|Any CPU = Release|Any CPU
	EndGlobalSection
	GlobalSection(ProjectConfigurationPlatforms) = postSolution
		{09370CC4-9C35-48D4-9A43-B78003C916A2}.Debug|Any CPU.ActiveCfg = Debug|Any CPU
		{09370CC4-9C35-48D4-9A43-B78003C916A2}.Debug|Any CPU.Build.0 = Debug|Any CPU
		{09370CC4-9C35-48D4-9A43-B78003C916A2}.Release|Any CPU.ActiveCfg = Release|Any CPU
		{09370CC4-9C35-48D4-9A43-B78003C916A2}.Release|Any CPU.Build.0 = Release|Any CPU
	EndGlobalSection
	GlobalSection(SolutionProperties) = preSolution
		HideSolutionNode = FALSE
	EndGlobalSection
	GlobalSection(ExtensibilityGlobals) = postSolution
		SolutionGuid = {0C8C1117-20FA-44F4-8EBF-4040922185EC}
	EndGlobalSection
EndGlobal
