
Microsoft Visual Studio Solution File, Format Version 12.00
# Visual Studio Version 17
VisualStudioVersion = 17.14.37216.2
MinimumVisualStudioVersion = 10.0.40219.1
Project("{FAE04EC0-301F-11D3-BF4B-00C04F79EFBC}") = "DemoAspWithJavascript", "DemoAspWithJavascript\DemoAspWithJavascript.csproj", "{DCAC4364-062A-42A6-9CFE-B46935C35619}"
EndProject
Global
	GlobalSection(SolutionConfigurationPlatforms) = preSolution
		Debug|Any CPU = Debug|Any CPU
		Debug|x64 = Debug|x64
		Debug|x86 = Debug|x86
		Release|Any CPU = Release|Any CPU
		Release|x64 = Release|x64
		Release|x86 = Release|x86
	EndGlobalSection
	GlobalSection(ProjectConfigurationPlatforms) = postSolution
		{DCAC4364-062A-42A6-9CFE-B46935C35619}.Debug|Any CPU.ActiveCfg = Debug|Any CPU
		{DCAC4364-062A-42A6-9CFE-B46935C35619}.Debug|Any CPU.Build.0 = Debug|Any CPU
		{DCAC4364-062A-42A6-9CFE-B46935C35619}.Debug|x64.ActiveCfg = Debug|Any CPU
		{DCAC4364-062A-42A6-9CFE-B46935C35619}.Debug|x64.Build.0 = Debug|Any CPU
		{DCAC4364-062A-42A6-9CFE-B46935C35619}.Debug|x86.ActiveCfg = Debug|Any CPU
		{DCAC4364-062A-42A6-9CFE-B46935C35619}.Debug|x86.Build.0 = Debug|Any CPU
		{DCAC4364-062A-42A6-9CFE-B46935C35619}.Release|Any CPU.ActiveCfg = Release|Any CPU
		{DCAC4364-062A-42A6-9CFE-B46935C35619}.Release|Any CPU.Build.0 = Release|Any CPU
		{DCAC4364-062A-42A6-9CFE-B46935C35619}.Release|x64.ActiveCfg = Release|Any CPU
		{DCAC4364-062A-42A6-9CFE-B46935C35619}.Release|x64.Build.0 = Release|Any CPU
		{DCAC4364-062A-42A6-9CFE-B46935C35619}.Release|x86.ActiveCfg = Release|Any CPU
		{DCAC4364-062A-42A6-9CFE-B46935C35619}.Release|x86.Build.0 = Release|Any CPU
	EndGlobalSection
	GlobalSection(SolutionProperties) = preSolution
		HideSolutionNode = FALSE
	EndGlobalSection
	GlobalSection(ExtensibilityGlobals) = postSolution
		SolutionGuid = {A3655CF9-EDE5-4327-AE85-B47E2A13C019}
	EndGlobalSection
EndGlobal
