
Microsoft Visual Studio Solution File, Format Version 12.00
# Visual Studio Version 17
VisualStudioVersion = 17.0.31903.59
MinimumVisualStudioVersion = 10.0.40219.1
Project("{2150E333-8FDC-42A3-9474-1A3956D46DE8}") = "src", "src", "{827E0CD3-B72D-47B6-A68D-7590B98EB39B}"
EndProject
Project("{FAE04EC0-301F-11D3-BF4B-00C04F79EFBC}") = "FUNewsManagement.DataAccess", "src\FUNewsManagement.DataAccess\FUNewsManagement.DataAccess.csproj", "{0BD28E98-B396-4699-90F6-4D3ACEE28B9F}"
EndProject
Project("{FAE04EC0-301F-11D3-BF4B-00C04F79EFBC}") = "FUNewsManagement.BusinessLogic", "src\FUNewsManagement.BusinessLogic\FUNewsManagement.BusinessLogic.csproj", "{92DB4BDD-B7C2-4105-A1EA-0EFAC55A6430}"
EndProject
Project("{FAE04EC0-301F-11D3-BF4B-00C04F79EFBC}") = "FUNewsManagement.Api", "src\FUNewsManagement.Api\FUNewsManagement.Api.csproj", "{84B11B6F-22C5-4D7C-916E-CB0548E6D8CC}"
EndProject
Global
	GlobalSection(SolutionConfigurationPlatforms) = preSolution
		Debug|Any CPU = Debug|Any CPU
		Debug|x64 = Debug|x64
		Debug|x86 = Debug|x86
		Release|Any CPU = Release|Any CPU
		Release|x64 = Release|x64
		Release|x86 = Release|x86
	EndGlobalSection
	GlobalSection(ProjectConfigurationPlatforms) = postSolution
		{0BD28E98-B396-4699-90F6-4D3ACEE28B9F}.Debug|Any CPU.ActiveCfg = Debug|Any CPU
		{0BD28E98-B396-4699-90F6-4D3ACEE28B9F}.Debug|Any CPU.Build.0 = Debug|Any CPU
		{0BD28E98-B396-4699-90F6-4D3ACEE28B9F}.Debug|x64.ActiveCfg = Debug|Any CPU
		{0BD28E98-B396-4699-90F6-4D3ACEE28B9F}.Debug|x64.Build.0 = Debug|Any CPU
		{0BD28E98-B396-4699-90F6-4D3ACEE28B9F}.Debug|x86.ActiveCfg = Debug|Any CPU
		{0BD28E98-B396-4699-90F6-4D3ACEE28B9F}.Debug|x86.Build.0 = Debug|Any CPU
		{0BD28E98-B396-4699-90F6-4D3ACEE28B9F}.Release|Any CPU.ActiveCfg = Release|Any CPU
		{0BD28E98-B396-4699-90F6-4D3ACEE28B9F}.Release|Any CPU.Build.0 = Release|Any CPU
		{0BD28E98-B396-4699-90F6-4D3ACEE28B9F}.Release|x64.ActiveCfg = Release|Any CPU
		{0BD28E98-B396-4699-90F6-4D3ACEE28B9F}.Release|x64.Build.0 = Release|Any CPU
		{0BD28E98-B396-4699-90F6-4D3ACEE28B9F}.Release|x86.ActiveCfg = Release|Any CPU
		{0BD28E98-B396-4699-90F6-4D3ACEE28B9F}.Release|x86.Build.0 = Release|Any CPU
		{92DB4BDD-B7C2-4105-A1EA-0EFAC55A6430}.Debug|Any CPU.ActiveCfg = Debug|Any CPU
		{92DB4BDD-B7C2-4105-A1EA-0EFAC55A6430}.Debug|Any CPU.Build.0 = Debug|Any CPU
		{92DB4BDD-B7C2-4105-A1EA-0EFAC55A6430}.Debug|x64.ActiveCfg = Debug|Any CPU
		{92DB4BDD-B7C2-4105-A1EA-0EFAC55A6430}.Debug|x64.Build.0 = Debug|Any CPU
		{92DB4BDD-B7C2-4105-A1EA-0EFAC55A6430}.Debug|x86.ActiveCfg = Debug|Any CPU
		{92DB4BDD-B7C2-4105-A1EA-0EFAC55A6430}.Debug|x86.Build.0 = Debug|Any CPU
		{92DB4BDD-B7C2-4105-A1EA-0EFAC55A6430}.Release|Any CPU.ActiveCfg = Release|Any CPU
		{92DB4BDD-B7C2-4105-A1EA-0EFAC55A6430}.Release|Any CPU.Build.0 = Release|Any CPU
		{92DB4BDD-B7C2-4105-A1EA-0EFAC55A6430}.Release|x64.ActiveCfg = Release|Any CPU
		{92DB4BDD-B7C2-4105-A1EA-0EFAC55A6430}.Release|x64.Build.0 = Release|Any CPU
		{92DB4BDD-B7C2-4105-A1EA-0EFAC55A6430}.Release|x86.ActiveCfg = Release|Any CPU
		{92DB4BDD-B7C2-4105-A1EA-0EFAC55A6430}.Release|x86.Build.0 = Release|Any CPU
		{84B11B6F-22C5-4D7C-916E-CB0548E6D8CC}.Debug|Any CPU.ActiveCfg = Debug|Any CPU
		{84B11B6F-22C5-4D7C-916E-CB0548E6D8CC}.Debug|Any CPU.Build.0 = Debug|Any CPU
		{84B11B6F-22C5-4D7C-916E-CB0548E6D8CC}.Debug|x64.ActiveCfg = Debug|Any CPU
		{84B11B6F-22C5-4D7C-916E-CB0548E6D8CC}.Debug|x64.Build.0 = Debug|Any CPU
		{84B11B6F-22C5-4D7C-916E-CB0548E6D8CC}.Debug|x86.ActiveCfg = Debug|Any CPU
		{84B11B6F-22C5-4D7C-916E-CB0548E6D8CC}.Debug|x86.Build.0 = Debug|Any CPU
		{84B11B6F-22C5-4D7C-916E-CB0548E6D8CC}.Release|Any CPU.ActiveCfg = Release|Any CPU
		{84B11B6F-22C5-4D7C-916E-CB0548E6D8CC}.Release|Any CPU.Build.0 = Release|Any CPU
		{84B11B6F-22C5-4D7C-916E-CB0548E6D8CC}.Release|x64.ActiveCfg = Release|Any CPU
		{84B11B6F-22C5-4D7C-916E-CB0548E6D8CC}.Release|x64.Build.0 = Release|Any CPU
		{84B11B6F-22C5-4D7C-916E-CB0548E6D8CC}.Release|x86.ActiveCfg = Release|Any CPU
		{84B11B6F-22C5-4D7C-916E-CB0548E6D8CC}.Release|x86.Build.0 = Release|Any CPU
	EndGlobalSection
	GlobalSection(SolutionProperties) = preSolution
		HideSolutionNode = FALSE
	EndGlobalSection
	GlobalSection(NestedProjects) = preSolution
		{0BD28E98-B396-4699-90F6-4D3ACEE28B9F} = {827E0CD3-B72D-47B6-A68D-7590B98EB39B}
		{92DB4BDD-B7C2-4105-A1EA-0EFAC55A6430} = {827E0CD3-B72D-47B6-A68D-7590B98EB39B}
		{84B11B6F-22C5-4D7C-916E-CB0548E6D8CC} = {827E0CD3-B72D-47B6-A68D-7590B98EB39B}
	EndGlobalSection
EndGlobal
